
Microsoft Visual Studio Solution File, Format Version 12.00
# Visual Studio Version 17
VisualStudioVersion = 17.2.32516.85
MinimumVisualStudioVersion = 10.0.40219.1
Project("{FAE04EC0-301F-11D3-BF4B-00C04F79EFBC}") = "Games.EldenRing.Desktop", "Games.EldenRing.Desktop\Games.EldenRing.Desktop.csproj", "{BE66BB7A-E73A-4D51-AA8A-0664DE442598}"
EndProject
Global
	GlobalSection(SolutionConfigurationPlatforms) = preSolution
		Debug|Any CPU = Debug|Any CPU
		Release|Any CPU = Release|Any CPU
	EndGlobalSection
	GlobalSection(ProjectConfigurationPlatforms) = postSolution
		{BE66BB7A-E73A-4D51-AA8A-0664DE442598}.Debug|Any CPU.ActiveCfg = Debug|Any CPU
		{BE66BB7A-E73A-4D51-AA8A-0664DE442598}.Debug|Any CPU.Build.0 = Debug|Any CPU
		{BE66BB7A-E73A-4D51-AA8A-0664DE442598}.Release|Any CPU.ActiveCfg = Release|Any CPU
		{BE66BB7A-E73A-4D51-AA8A-0664DE442598}.Release|Any CPU.Build.0 = Release|Any CPU
	EndGlobalSection
	GlobalSection(SolutionProperties) = preSolution
		HideSolutionNode = FALSE
	EndGlobalSection
	GlobalSection(ExtensibilityGlobals) = postSolution
		SolutionGuid = {64A5934E-FC30-4560-AA86-FE9287CF054D}
	EndGlobalSection
EndGlobal
